// !$*UTF8*$!
{
	archiveVersion = 1;
	classes = {
	};
	objectVersion = 50;
	objects = {

/* Begin PBXBuildFile section */
		02145067249B868100FAA01B /* BookmarkTableViewController.swift in Sources */ = {isa = PBXBuildFile; fileRef = 02145066249B868100FAA01B /* BookmarkTableViewController.swift */; };
		02145069249B868F00FAA01B /* BookmarkTableViewCell.swift in Sources */ = {isa = PBXBuildFile; fileRef = 02145068249B868F00FAA01B /* BookmarkTableViewCell.swift */; };
		021C2DC824A8A477000525DA /* CloudKit.framework in Frameworks */ = {isa = PBXBuildFile; fileRef = 021C2DC724A8A477000525DA /* CloudKit.framework */; };
		021C2DCA24A9DCD8000525DA /* DetailInfoBookmarkViewController.swift in Sources */ = {isa = PBXBuildFile; fileRef = 021C2DC924A9DCD8000525DA /* DetailInfoBookmarkViewController.swift */; };
		0255B2DE249B69D800003C25 /* AppDelegate.swift in Sources */ = {isa = PBXBuildFile; fileRef = 0255B2DD249B69D800003C25 /* AppDelegate.swift */; };
		0255B2E0249B69D800003C25 /* SceneDelegate.swift in Sources */ = {isa = PBXBuildFile; fileRef = 0255B2DF249B69D800003C25 /* SceneDelegate.swift */; };
		0255B2E5249B69D800003C25 /* Main.storyboard in Resources */ = {isa = PBXBuildFile; fileRef = 0255B2E3249B69D800003C25 /* Main.storyboard */; };
		0255B2E7249B69DC00003C25 /* Assets.xcassets in Resources */ = {isa = PBXBuildFile; fileRef = 0255B2E6249B69DC00003C25 /* Assets.xcassets */; };
		0255B2EA249B69DC00003C25 /* LaunchScreen.storyboard in Resources */ = {isa = PBXBuildFile; fileRef = 0255B2E8249B69DC00003C25 /* LaunchScreen.storyboard */; };
		02F35BD024A47EBB008F5F59 /* Bookmark.swift in Sources */ = {isa = PBXBuildFile; fileRef = 02F35BCF24A47EBB008F5F59 /* Bookmark.swift */; };
		02F35BD224A4A2A0008F5F59 /* Helper.swift in Sources */ = {isa = PBXBuildFile; fileRef = 02F35BD124A4A2A0008F5F59 /* Helper.swift */; };
		02F35BD424A4C9C0008F5F59 /* TagsViewController.swift in Sources */ = {isa = PBXBuildFile; fileRef = 02F35BD324A4C9BF008F5F59 /* TagsViewController.swift */; };
		02F35BD624A4D027008F5F59 /* Tag.swift in Sources */ = {isa = PBXBuildFile; fileRef = 02F35BD524A4D027008F5F59 /* Tag.swift */; };
/* End PBXBuildFile section */

/* Begin PBXFileReference section */
		02145066249B868100FAA01B /* BookmarkTableViewController.swift */ = {isa = PBXFileReference; lastKnownFileType = sourcecode.swift; path = BookmarkTableViewController.swift; sourceTree = "<group>"; };
		02145068249B868F00FAA01B /* BookmarkTableViewCell.swift */ = {isa = PBXFileReference; lastKnownFileType = sourcecode.swift; path = BookmarkTableViewCell.swift; sourceTree = "<group>"; };
		021C2DC524A8A26D000525DA /* JCWang.entitlements */ = {isa = PBXFileReference; lastKnownFileType = text.plist.entitlements; path = JCWang.entitlements; sourceTree = "<group>"; };
		021C2DC724A8A477000525DA /* CloudKit.framework */ = {isa = PBXFileReference; lastKnownFileType = wrapper.framework; name = CloudKit.framework; path = System/Library/Frameworks/CloudKit.framework; sourceTree = SDKROOT; };
		021C2DC924A9DCD8000525DA /* DetailInfoBookmarkViewController.swift */ = {isa = PBXFileReference; lastKnownFileType = sourcecode.swift; path = DetailInfoBookmarkViewController.swift; sourceTree = "<group>"; };
		0255B2DA249B69D800003C25 /* JCWang.app */ = {isa = PBXFileReference; explicitFileType = wrapper.application; includeInIndex = 0; path = JCWang.app; sourceTree = BUILT_PRODUCTS_DIR; };
		0255B2DD249B69D800003C25 /* AppDelegate.swift */ = {isa = PBXFileReference; lastKnownFileType = sourcecode.swift; path = AppDelegate.swift; sourceTree = "<group>"; };
		0255B2DF249B69D800003C25 /* SceneDelegate.swift */ = {isa = PBXFileReference; lastKnownFileType = sourcecode.swift; path = SceneDelegate.swift; sourceTree = "<group>"; };
		0255B2E4249B69D800003C25 /* Base */ = {isa = PBXFileReference; lastKnownFileType = file.storyboard; name = Base; path = Base.lproj/Main.storyboard; sourceTree = "<group>"; };
		0255B2E6249B69DC00003C25 /* Assets.xcassets */ = {isa = PBXFileReference; lastKnownFileType = folder.assetcatalog; path = Assets.xcassets; sourceTree = "<group>"; };
		0255B2E9249B69DC00003C25 /* Base */ = {isa = PBXFileReference; lastKnownFileType = file.storyboard; name = Base; path = Base.lproj/LaunchScreen.storyboard; sourceTree = "<group>"; };
		0255B2EB249B69DC00003C25 /* Info.plist */ = {isa = PBXFileReference; lastKnownFileType = text.plist.xml; path = Info.plist; sourceTree = "<group>"; };
		02F35BCF24A47EBB008F5F59 /* Bookmark.swift */ = {isa = PBXFileReference; lastKnownFileType = sourcecode.swift; path = Bookmark.swift; sourceTree = "<group>"; };
		02F35BD124A4A2A0008F5F59 /* Helper.swift */ = {isa = PBXFileReference; lastKnownFileType = sourcecode.swift; path = Helper.swift; sourceTree = "<group>"; };
		02F35BD324A4C9BF008F5F59 /* TagsViewController.swift */ = {isa = PBXFileReference; lastKnownFileType = sourcecode.swift; path = TagsViewController.swift; sourceTree = "<group>"; };
		02F35BD524A4D027008F5F59 /* Tag.swift */ = {isa = PBXFileReference; lastKnownFileType = sourcecode.swift; path = Tag.swift; sourceTree = "<group>"; };
/* End PBXFileReference section */

/* Begin PBXFrameworksBuildPhase section */
		0255B2D7249B69D800003C25 /* Frameworks */ = {
			isa = PBXFrameworksBuildPhase;
			buildActionMask = 2147483647;
			files = (
				021C2DC824A8A477000525DA /* CloudKit.framework in Frameworks */,
			);
			runOnlyForDeploymentPostprocessing = 0;
		};
/* End PBXFrameworksBuildPhase section */

/* Begin PBXGroup section */
		021C2DC624A8A477000525DA /* Frameworks */ = {
			isa = PBXGroup;
			children = (
				021C2DC724A8A477000525DA /* CloudKit.framework */,
			);
			name = Frameworks;
			sourceTree = "<group>";
		};
		0255B2D1249B69D800003C25 = {
			isa = PBXGroup;
			children = (
				0255B2DD249B69D800003C25 /* AppDelegate.swift */,
				0255B2DC249B69D800003C25 /* JCWang */,
				0255B2DB249B69D800003C25 /* Products */,
				021C2DC624A8A477000525DA /* Frameworks */,
			);
			sourceTree = "<group>";
		};
		0255B2DB249B69D800003C25 /* Products */ = {
			isa = PBXGroup;
			children = (
				0255B2DA249B69D800003C25 /* JCWang.app */,
			);
			name = Products;
			sourceTree = "<group>";
		};
		0255B2DC249B69D800003C25 /* JCWang */ = {
			isa = PBXGroup;
			children = (
				021C2DC524A8A26D000525DA /* JCWang.entitlements */,
				0255B2DF249B69D800003C25 /* SceneDelegate.swift */,
				0255B2E3249B69D800003C25 /* Main.storyboard */,
				02145066249B868100FAA01B /* BookmarkTableViewController.swift */,
				021C2DC924A9DCD8000525DA /* DetailInfoBookmarkViewController.swift */,
				02F35BD324A4C9BF008F5F59 /* TagsViewController.swift */,
				02F35BD124A4A2A0008F5F59 /* Helper.swift */,
				02F35BD524A4D027008F5F59 /* Tag.swift */,
				02F35BCF24A47EBB008F5F59 /* Bookmark.swift */,
				02145068249B868F00FAA01B /* BookmarkTableViewCell.swift */,
				0255B2E6249B69DC00003C25 /* Assets.xcassets */,
				0255B2E8249B69DC00003C25 /* LaunchScreen.storyboard */,
				0255B2EB249B69DC00003C25 /* Info.plist */,
			);
			path = JCWang;
			sourceTree = "<group>";
		};
/* End PBXGroup section */

/* Begin PBXNativeTarget section */
		0255B2D9249B69D800003C25 /* JCWang */ = {
			isa = PBXNativeTarget;
			buildConfigurationList = 0255B2EE249B69DC00003C25 /* Build configuration list for PBXNativeTarget "JCWang" */;
			buildPhases = (
				0255B2D6249B69D800003C25 /* Sources */,
				0255B2D7249B69D800003C25 /* Frameworks */,
				0255B2D8249B69D800003C25 /* Resources */,
			);
			buildRules = (
			);
			dependencies = (
			);
			name = JCWang;
			productName = JCWang;
			productReference = 0255B2DA249B69D800003C25 /* JCWang.app */;
			productType = "com.apple.product-type.application";
		};
/* End PBXNativeTarget section */

/* Begin PBXProject section */
		0255B2D2249B69D800003C25 /* Project object */ = {
			isa = PBXProject;
			attributes = {
				LastSwiftUpdateCheck = 1140;
				LastUpgradeCheck = 1140;
				ORGANIZATIONNAME = JiaCheng;
				TargetAttributes = {
					0255B2D9249B69D800003C25 = {
						CreatedOnToolsVersion = 11.4;
					};
				};
			};
			buildConfigurationList = 0255B2D5249B69D800003C25 /* Build configuration list for PBXProject "JCWang" */;
			compatibilityVersion = "Xcode 9.3";
			developmentRegion = en;
			hasScannedForEncodings = 0;
			knownRegions = (
				en,
				Base,
			);
			mainGroup = 0255B2D1249B69D800003C25;
			productRefGroup = 0255B2DB249B69D800003C25 /* Products */;
			projectDirPath = "";
			projectRoot = "";
			targets = (
				0255B2D9249B69D800003C25 /* JCWang */,
			);
		};
/* End PBXProject section */

/* Begin PBXResourcesBuildPhase section */
		0255B2D8249B69D800003C25 /* Resources */ = {
			isa = PBXResourcesBuildPhase;
			buildActionMask = 2147483647;
			files = (
				0255B2EA249B69DC00003C25 /* LaunchScreen.storyboard in Resources */,
				0255B2E7249B69DC00003C25 /* Assets.xcassets in Resources */,
				0255B2E5249B69D800003C25 /* Main.storyboard in Resources */,
			);
			runOnlyForDeploymentPostprocessing = 0;
		};
/* End PBXResourcesBuildPhase section */

/* Begin PBXSourcesBuildPhase section */
		0255B2D6249B69D800003C25 /* Sources */ = {
			isa = PBXSourcesBuildPhase;
			buildActionMask = 2147483647;
			files = (
				02F35BD624A4D027008F5F59 /* Tag.swift in Sources */,
				02F35BD224A4A2A0008F5F59 /* Helper.swift in Sources */,
				021C2DCA24A9DCD8000525DA /* DetailInfoBookmarkViewController.swift in Sources */,
				0255B2DE249B69D800003C25 /* AppDelegate.swift in Sources */,
				0255B2E0249B69D800003C25 /* SceneDelegate.swift in Sources */,
				02145067249B868100FAA01B /* BookmarkTableViewController.swift in Sources */,
				02F35BD424A4C9C0008F5F59 /* TagsViewController.swift in Sources */,
				02F35BD024A47EBB008F5F59 /* Bookmark.swift in Sources */,
				02145069249B868F00FAA01B /* BookmarkTableViewCell.swift in Sources */,
			);
			runOnlyForDeploymentPostprocessing = 0;
		};
/* End PBXSourcesBuildPhase section */

/* Begin PBXVariantGroup section */
		0255B2E3249B69D800003C25 /* Main.storyboard */ = {
			isa = PBXVariantGroup;
			children = (
				0255B2E4249B69D800003C25 /* Base */,
			);
			name = Main.storyboard;
			sourceTree = "<group>";
		};
		0255B2E8249B69DC00003C25 /* LaunchScreen.storyboard */ = {
			isa = PBXVariantGroup;
			children = (
				0255B2E9249B69DC00003C25 /* Base */,
			);
			name = LaunchScreen.storyboard;
			sourceTree = "<group>";
		};
/* End PBXVariantGroup section */

/* Begin XCBuildConfiguration section */
		0255B2EC249B69DC00003C25 /* Debug */ = {
			isa = XCBuildConfiguration;
			buildSettings = {
				ALWAYS_SEARCH_USER_PATHS = NO;
				CLANG_ANALYZER_NONNULL = YES;
				CLANG_ANALYZER_NUMBER_OBJECT_CONVERSION = YES_AGGRESSIVE;
				CLANG_CXX_LANGUAGE_STANDARD = "gnu++14";
				CLANG_CXX_LIBRARY = "libc++";
				CLANG_ENABLE_MODULES = YES;
				CLANG_ENABLE_OBJC_ARC = YES;
				CLANG_ENABLE_OBJC_WEAK = YES;
				CLANG_WARN_BLOCK_CAPTURE_AUTORELEASING = YES;
				CLANG_WARN_BOOL_CONVERSION = YES;
				CLANG_WARN_COMMA = YES;
				CLANG_WARN_CONSTANT_CONVERSION = YES;
				CLANG_WARN_DEPRECATED_OBJC_IMPLEMENTATIONS = YES;
				CLANG_WARN_DIRECT_OBJC_ISA_USAGE = YES_ERROR;
				CLANG_WARN_DOCUMENTATION_COMMENTS = YES;
				CLANG_WARN_EMPTY_BODY = YES;
				CLANG_WARN_ENUM_CONVERSION = YES;
				CLANG_WARN_INFINITE_RECURSION = YES;
				CLANG_WARN_INT_CONVERSION = YES;
				CLANG_WARN_NON_LITERAL_NULL_CONVERSION = YES;
				CLANG_WARN_OBJC_IMPLICIT_RETAIN_SELF = YES;
				CLANG_WARN_OBJC_LITERAL_CONVERSION = YES;
				CLANG_WARN_OBJC_ROOT_CLASS = YES_ERROR;
				CLANG_WARN_RANGE_LOOP_ANALYSIS = YES;
				CLANG_WARN_STRICT_PROTOTYPES = YES;
				CLANG_WARN_SUSPICIOUS_MOVE = YES;
				CLANG_WARN_UNGUARDED_AVAILABILITY = YES_AGGRESSIVE;
				CLANG_WARN_UNREACHABLE_CODE = YES;
				CLANG_WARN__DUPLICATE_METHOD_MATCH = YES;
				COPY_PHASE_STRIP = NO;
				DEBUG_INFORMATION_FORMAT = dwarf;
				ENABLE_STRICT_OBJC_MSGSEND = YES;
				ENABLE_TESTABILITY = YES;
				GCC_C_LANGUAGE_STANDARD = gnu11;
				GCC_DYNAMIC_NO_PIC = NO;
				GCC_NO_COMMON_BLOCKS = YES;
				GCC_OPTIMIZATION_LEVEL = 0;
				GCC_PREPROCESSOR_DEFINITIONS = (
					"DEBUG=1",
					"$(inherited)",
				);
				GCC_WARN_64_TO_32_BIT_CONVERSION = YES;
				GCC_WARN_ABOUT_RETURN_TYPE = YES_ERROR;
				GCC_WARN_UNDECLARED_SELECTOR = YES;
				GCC_WARN_UNINITIALIZED_AUTOS = YES_AGGRESSIVE;
				GCC_WARN_UNUSED_FUNCTION = YES;
				GCC_WARN_UNUSED_VARIABLE = YES;
				IPHONEOS_DEPLOYMENT_TARGET = 13.0;
				MTL_ENABLE_DEBUG_INFO = INCLUDE_SOURCE;
				MTL_FAST_MATH = YES;
				ONLY_ACTIVE_ARCH = YES;
				SDKROOT = iphoneos;
				SWIFT_ACTIVE_COMPILATION_CONDITIONS = DEBUG;
				SWIFT_OPTIMIZATION_LEVEL = "-Onone";
			};
			name = Debug;
		};
		0255B2ED249B69DC00003C25 /* Release */ = {
			isa = XCBuildConfiguration;
			buildSettings = {
				ALWAYS_SEARCH_USER_PATHS = NO;
				CLANG_ANALYZER_NONNULL = YES;
				CLANG_ANALYZER_NUMBER_OBJECT_CONVERSION = YES_AGGRESSIVE;
				CLANG_CXX_LANGUAGE_STANDARD = "gnu++14";
				CLANG_CXX_LIBRARY = "libc++";
				CLANG_ENABLE_MODULES = YES;
				CLANG_ENABLE_OBJC_ARC = YES;
				CLANG_ENABLE_OBJC_WEAK = YES;
				CLANG_WARN_BLOCK_CAPTURE_AUTORELEASING = YES;
				CLANG_WARN_BOOL_CONVERSION = YES;
				CLANG_WARN_COMMA = YES;
				CLANG_WARN_CONSTANT_CONVERSION = YES;
				CLANG_WARN_DEPRECATED_OBJC_IMPLEMENTATIONS = YES;
				CLANG_WARN_DIRECT_OBJC_ISA_USAGE = YES_ERROR;
				CLANG_WARN_DOCUMENTATION_COMMENTS = YES;
				CLANG_WARN_EMPTY_BODY = YES;
				CLANG_WARN_ENUM_CONVERSION = YES;
				CLANG_WARN_INFINITE_RECURSION = YES;
				CLANG_WARN_INT_CONVERSION = YES;
				CLANG_WARN_NON_LITERAL_NULL_CONVERSION = YES;
				CLANG_WARN_OBJC_IMPLICIT_RETAIN_SELF = YES;
				CLANG_WARN_OBJC_LITERAL_CONVERSION = YES;
				CLANG_WARN_OBJC_ROOT_CLASS = YES_ERROR;
				CLANG_WARN_RANGE_LOOP_ANALYSIS = YES;
				CLANG_WARN_STRICT_PROTOTYPES = YES;
				CLANG_WARN_SUSPICIOUS_MOVE = YES;
				CLANG_WARN_UNGUARDED_AVAILABILITY = YES_AGGRESSIVE;
				CLANG_WARN_UNREACHABLE_CODE = YES;
				CLANG_WARN__DUPLICATE_METHOD_MATCH = YES;
				COPY_PHASE_STRIP = NO;
				DEBUG_INFORMATION_FORMAT = "dwarf-with-dsym";
				ENABLE_NS_ASSERTIONS = NO;
				ENABLE_STRICT_OBJC_MSGSEND = YES;
				GCC_C_LANGUAGE_STANDARD = gnu11;
				GCC_NO_COMMON_BLOCKS = YES;
				GCC_WARN_64_TO_32_BIT_CONVERSION = YES;
				GCC_WARN_ABOUT_RETURN_TYPE = YES_ERROR;
				GCC_WARN_UNDECLARED_SELECTOR = YES;
				GCC_WARN_UNINITIALIZED_AUTOS = YES_AGGRESSIVE;
				GCC_WARN_UNUSED_FUNCTION = YES;
				GCC_WARN_UNUSED_VARIABLE = YES;
				IPHONEOS_DEPLOYMENT_TARGET = 13.0;
				MTL_ENABLE_DEBUG_INFO = NO;
				MTL_FAST_MATH = YES;
				SDKROOT = iphoneos;
				SWIFT_COMPILATION_MODE = wholemodule;
				SWIFT_OPTIMIZATION_LEVEL = "-O";
				VALIDATE_PRODUCT = YES;
			};
			name = Release;
		};
		0255B2EF249B69DC00003C25 /* Debug */ = {
			isa = XCBuildConfiguration;
			buildSettings = {
				ASSETCATALOG_COMPILER_APPICON_NAME = AppIcon;
				CODE_SIGN_ENTITLEMENTS = JCWang/JCWang.entitlements;
				CODE_SIGN_STYLE = Automatic;
				DEVELOPMENT_TEAM = QXK2SWBXZ7;
				INFOPLIST_FILE = JCWang/Info.plist;
				LD_RUNPATH_SEARCH_PATHS = (
					"$(inherited)",
					"@executable_path/Frameworks",
				);
				PRODUCT_BUNDLE_IDENTIFIER = JiaCheng.JCWang;
				PRODUCT_NAME = "$(TARGET_NAME)";
				SUPPORTS_MACCATALYST = YES;
				SWIFT_VERSION = 5.0;
				TARGETED_DEVICE_FAMILY = "1,2";
			};
			name = Debug;
		};
		0255B2F0249B69DC00003C25 /* Release */ = {
			isa = XCBuildConfiguration;
			buildSettings = {
				ASSETCATALOG_COMPILER_APPICON_NAME = AppIcon;
				CODE_SIGN_ENTITLEMENTS = JCWang/JCWang.entitlements;
				CODE_SIGN_STYLE = Automatic;
				DEVELOPMENT_TEAM = QXK2SWBXZ7;
				INFOPLIST_FILE = JCWang/Info.plist;
				LD_RUNPATH_SEARCH_PATHS = (
					"$(inherited)",
					"@executable_path/Frameworks",
				);
				PRODUCT_BUNDLE_IDENTIFIER = JiaCheng.JCWang;
				PRODUCT_NAME = "$(TARGET_NAME)";
				SUPPORTS_MACCATALYST = YES;
				SWIFT_VERSION = 5.0;
				TARGETED_DEVICE_FAMILY = "1,2";
			};
			name = Release;
		};
/* End XCBuildConfiguration section */

/* Begin XCConfigurationList section */
		0255B2D5249B69D800003C25 /* Build configuration list for PBXProject "JCWang" */ = {
			isa = XCConfigurationList;
			buildConfigurations = (
				0255B2EC249B69DC00003C25 /* Debug */,
				0255B2ED249B69DC00003C25 /* Release */,
			);
			defaultConfigurationIsVisible = 0;
			defaultConfigurationName = Release;
		};
		0255B2EE249B69DC00003C25 /* Build configuration list for PBXNativeTarget "JCWang" */ = {
			isa = XCConfigurationList;
			buildConfigurations = (
				0255B2EF249B69DC00003C25 /* Debug */,
				0255B2F0249B69DC00003C25 /* Release */,
			);
			defaultConfigurationIsVisible = 0;
			defaultConfigurationName = Release;
		};
/* End XCConfigurationList section */
	};
	rootObject = 0255B2D2249B69D800003C25 /* Project object */;
}
